
Microsoft Visual Studio Solution File, Format Version 12.00
# Visual Studio Version 17
VisualStudioVersion = 17.14.36623.8
MinimumVisualStudioVersion = 10.0.40219.1
Project("{FAE04EC0-301F-11D3-BF4B-00C04F79EFBC}") = "Bai01", "Bai01\Bai01.csproj", "{94A79C01-5389-4A9A-A2B2-5AF27A0AF84C}"
EndProject
Project("{FAE04EC0-301F-11D3-BF4B-00C04F79EFBC}") = "Bai02", "Bai02\Bai02.csproj", "{63E34000-D81A-464D-8C76-75A9D747B095}"
EndProject
Project("{FAE04EC0-301F-11D3-BF4B-00C04F79EFBC}") = "Bai03", "Bai03\Bai03.csproj", "{68409093-DE76-4201-9A8E-4AFE9594BD8B}"
EndProject
Project("{FAE04EC0-301F-11D3-BF4B-00C04F79EFBC}") = "Bai04", "Bai04\Bai04.csproj", "{5AE8C242-9C60-46CB-A51D-7515AE675554}"
EndProject
Project("{FAE04EC0-301F-11D3-BF4B-00C04F79EFBC}") = "Bai05", "Bai05\Bai05.csproj", "{8DEF22D8-0170-4BAD-82F3-9B47125EDFF2}"
EndProject
Project("{FAE04EC0-301F-11D3-BF4B-00C04F79EFBC}") = "Bai06", "Bai06\Bai06.csproj", "{F2A65EC6-312A-4CC3-8C7A-D02B5845EE66}"
EndProject
Project("{FAE04EC0-301F-11D3-BF4B-00C04F79EFBC}") = "Bai07", "Bai07\Bai07.csproj", "{F0791970-8F53-45BB-80FE-A19E2F75862E}"
EndProject
Project("{FAE04EC0-301F-11D3-BF4B-00C04F79EFBC}") = "Bai08", "Bai08\Bai08.csproj", "{ACC0958E-1018-4A53-941D-4F11DA497CFF}"
EndProject
Project("{FAE04EC0-301F-11D3-BF4B-00C04F79EFBC}") = "Bai09", "Bai09\Bai09.csproj", "{D2C2C11E-0354-4541-BF5E-44AE58A0817A}"
EndProject
Global
	GlobalSection(SolutionConfigurationPlatforms) = preSolution
		Debug|Any CPU = Debug|Any CPU
		Release|Any CPU = Release|Any CPU
	EndGlobalSection
	GlobalSection(ProjectConfigurationPlatforms) = postSolution
		{94A79C01-5389-4A9A-A2B2-5AF27A0AF84C}.Debug|Any CPU.ActiveCfg = Debug|Any CPU
		{94A79C01-5389-4A9A-A2B2-5AF27A0AF84C}.Debug|Any CPU.Build.0 = Debug|Any CPU
		{94A79C01-5389-4A9A-A2B2-5AF27A0AF84C}.Release|Any CPU.ActiveCfg = Release|Any CPU
		{94A79C01-5389-4A9A-A2B2-5AF27A0AF84C}.Release|Any CPU.Build.0 = Release|Any CPU
		{63E34000-D81A-464D-8C76-75A9D747B095}.Debug|Any CPU.ActiveCfg = Debug|Any CPU
		{63E34000-D81A-464D-8C76-75A9D747B095}.Debug|Any CPU.Build.0 = Debug|Any CPU
		{63E34000-D81A-464D-8C76-75A9D747B095}.Release|Any CPU.ActiveCfg = Release|Any CPU
		{63E34000-D81A-464D-8C76-75A9D747B095}.Release|Any CPU.Build.0 = Release|Any CPU
		{68409093-DE76-4201-9A8E-4AFE9594BD8B}.Debug|Any CPU.ActiveCfg = Debug|Any CPU
		{68409093-DE76-4201-9A8E-4AFE9594BD8B}.Debug|Any CPU.Build.0 = Debug|Any CPU
		{68409093-DE76-4201-9A8E-4AFE9594BD8B}.Release|Any CPU.ActiveCfg = Release|Any CPU
		{68409093-DE76-4201-9A8E-4AFE9594BD8B}.Release|Any CPU.Build.0 = Release|Any CPU
		{5AE8C242-9C60-46CB-A51D-7515AE675554}.Debug|Any CPU.ActiveCfg = Debug|Any CPU
		{5AE8C242-9C60-46CB-A51D-7515AE675554}.Debug|Any CPU.Build.0 = Debug|Any CPU
		{5AE8C242-9C60-46CB-A51D-7515AE675554}.Release|Any CPU.ActiveCfg = Release|Any CPU
		{5AE8C242-9C60-46CB-A51D-7515AE675554}.Release|Any CPU.Build.0 = Release|Any CPU
		{8DEF22D8-0170-4BAD-82F3-9B47125EDFF2}.Debug|Any CPU.ActiveCfg = Debug|Any CPU
		{8DEF22D8-0170-4BAD-82F3-9B47125EDFF2}.Debug|Any CPU.Build.0 = Debug|Any CPU
		{8DEF22D8-0170-4BAD-82F3-9B47125EDFF2}.Release|Any CPU.ActiveCfg = Release|Any CPU
		{8DEF22D8-0170-4BAD-82F3-9B47125EDFF2}.Release|Any CPU.Build.0 = Release|Any CPU
		{F2A65EC6-312A-4CC3-8C7A-D02B5845EE66}.Debug|Any CPU.ActiveCfg = Debug|Any CPU
		{F2A65EC6-312A-4CC3-8C7A-D02B5845EE66}.Debug|Any CPU.Build.0 = Debug|Any CPU
		{F2A65EC6-312A-4CC3-8C7A-D02B5845EE66}.Release|Any CPU.ActiveCfg = Release|Any CPU
		{F2A65EC6-312A-4CC3-8C7A-D02B5845EE66}.Release|Any CPU.Build.0 = Release|Any CPU
		{F0791970-8F53-45BB-80FE-A19E2F75862E}.Debug|Any CPU.ActiveCfg = Debug|Any CPU
		{F0791970-8F53-45BB-80FE-A19E2F75862E}.Debug|Any CPU.Build.0 = Debug|Any CPU
		{F0791970-8F53-45BB-80FE-A19E2F75862E}.Release|Any CPU.ActiveCfg = Release|Any CPU
		{F0791970-8F53-45BB-80FE-A19E2F75862E}.Release|Any CPU.Build.0 = Release|Any CPU
		{ACC0958E-1018-4A53-941D-4F11DA497CFF}.Debug|Any CPU.ActiveCfg = Debug|Any CPU
		{ACC0958E-1018-4A53-941D-4F11DA497CFF}.Debug|Any CPU.Build.0 = Debug|Any CPU
		{ACC0958E-1018-4A53-941D-4F11DA497CFF}.Release|Any CPU.ActiveCfg = Release|Any CPU
		{ACC0958E-1018-4A53-941D-4F11DA497CFF}.Release|Any CPU.Build.0 = Release|Any CPU
		{D2C2C11E-0354-4541-BF5E-44AE58A0817A}.Debug|Any CPU.ActiveCfg = Debug|Any CPU
		{D2C2C11E-0354-4541-BF5E-44AE58A0817A}.Debug|Any CPU.Build.0 = Debug|Any CPU
		{D2C2C11E-0354-4541-BF5E-44AE58A0817A}.Release|Any CPU.ActiveCfg = Release|Any CPU
		{D2C2C11E-0354-4541-BF5E-44AE58A0817A}.Release|Any CPU.Build.0 = Release|Any CPU
	EndGlobalSection
	GlobalSection(SolutionProperties) = preSolution
		HideSolutionNode = FALSE
	EndGlobalSection
	GlobalSection(ExtensibilityGlobals) = postSolution
		SolutionGuid = {67C6B2B8-0152-4E23-8D73-A86CCC866C1E}
	EndGlobalSection
EndGlobal
