
Microsoft Visual Studio Solution File, Format Version 12.00
# Visual Studio Version 17
VisualStudioVersion = 17.14.36623.8
MinimumVisualStudioVersion = 10.0.40219.1
Project("{FAE04EC0-301F-11D3-BF4B-00C04F79EFBC}") = "Bai04", "Bai04\Bai04.csproj", "{139EF887-2EA7-4A55-A55C-A9DBA6447D55}"
EndProject
Project("{FAE04EC0-301F-11D3-BF4B-00C04F79EFBC}") = "Bai06", "Bai06\Bai06.csproj", "{7A333CCB-22A3-4575-AC6F-10E0AC7D6F2B}"
EndProject
Project("{FAE04EC0-301F-11D3-BF4B-00C04F79EFBC}") = "Bai09", "Bai09\Bai09.csproj", "{E73019EF-2576-4D58-9BEB-DED0BA6D59A2}"
EndProject
Project("{FAE04EC0-301F-11D3-BF4B-00C04F79EFBC}") = "Bai10", "Bai10\Bai10.csproj", "{7CEA75CF-89AC-4D0C-B787-CEC7DA4CAB59}"
EndProject
Project("{FAE04EC0-301F-11D3-BF4B-00C04F79EFBC}") = "Bai11", "Bai11\Bai11.csproj", "{0691FE34-02F2-4CFF-9E35-9F34E7A3F886}"
EndProject
Project("{FAE04EC0-301F-11D3-BF4B-00C04F79EFBC}") = "Bai08", "Bai08\Bai08.csproj", "{287D7F3D-6AC3-4F07-9F5A-9F5CA3E4CC61}"
EndProject
Global
	GlobalSection(SolutionConfigurationPlatforms) = preSolution
		Debug|Any CPU = Debug|Any CPU
		Release|Any CPU = Release|Any CPU
	EndGlobalSection
	GlobalSection(ProjectConfigurationPlatforms) = postSolution
		{139EF887-2EA7-4A55-A55C-A9DBA6447D55}.Debug|Any CPU.ActiveCfg = Debug|Any CPU
		{139EF887-2EA7-4A55-A55C-A9DBA6447D55}.Debug|Any CPU.Build.0 = Debug|Any CPU
		{139EF887-2EA7-4A55-A55C-A9DBA6447D55}.Release|Any CPU.ActiveCfg = Release|Any CPU
		{139EF887-2EA7-4A55-A55C-A9DBA6447D55}.Release|Any CPU.Build.0 = Release|Any CPU
		{7A333CCB-22A3-4575-AC6F-10E0AC7D6F2B}.Debug|Any CPU.ActiveCfg = Debug|Any CPU
		{7A333CCB-22A3-4575-AC6F-10E0AC7D6F2B}.Debug|Any CPU.Build.0 = Debug|Any CPU
		{7A333CCB-22A3-4575-AC6F-10E0AC7D6F2B}.Release|Any CPU.ActiveCfg = Release|Any CPU
		{7A333CCB-22A3-4575-AC6F-10E0AC7D6F2B}.Release|Any CPU.Build.0 = Release|Any CPU
		{E73019EF-2576-4D58-9BEB-DED0BA6D59A2}.Debug|Any CPU.ActiveCfg = Debug|Any CPU
		{E73019EF-2576-4D58-9BEB-DED0BA6D59A2}.Debug|Any CPU.Build.0 = Debug|Any CPU
		{E73019EF-2576-4D58-9BEB-DED0BA6D59A2}.Release|Any CPU.ActiveCfg = Release|Any CPU
		{E73019EF-2576-4D58-9BEB-DED0BA6D59A2}.Release|Any CPU.Build.0 = Release|Any CPU
		{7CEA75CF-89AC-4D0C-B787-CEC7DA4CAB59}.Debug|Any CPU.ActiveCfg = Debug|Any CPU
		{7CEA75CF-89AC-4D0C-B787-CEC7DA4CAB59}.Debug|Any CPU.Build.0 = Debug|Any CPU
		{7CEA75CF-89AC-4D0C-B787-CEC7DA4CAB59}.Release|Any CPU.ActiveCfg = Release|Any CPU
		{7CEA75CF-89AC-4D0C-B787-CEC7DA4CAB59}.Release|Any CPU.Build.0 = Release|Any CPU
		{0691FE34-02F2-4CFF-9E35-9F34E7A3F886}.Debug|Any CPU.ActiveCfg = Debug|Any CPU
		{0691FE34-02F2-4CFF-9E35-9F34E7A3F886}.Debug|Any CPU.Build.0 = Debug|Any CPU
		{0691FE34-02F2-4CFF-9E35-9F34E7A3F886}.Release|Any CPU.ActiveCfg = Release|Any CPU
		{0691FE34-02F2-4CFF-9E35-9F34E7A3F886}.Release|Any CPU.Build.0 = Release|Any CPU
		{287D7F3D-6AC3-4F07-9F5A-9F5CA3E4CC61}.Debug|Any CPU.ActiveCfg = Debug|Any CPU
		{287D7F3D-6AC3-4F07-9F5A-9F5CA3E4CC61}.Debug|Any CPU.Build.0 = Debug|Any CPU
		{287D7F3D-6AC3-4F07-9F5A-9F5CA3E4CC61}.Release|Any CPU.ActiveCfg = Release|Any CPU
		{287D7F3D-6AC3-4F07-9F5A-9F5CA3E4CC61}.Release|Any CPU.Build.0 = Release|Any CPU
	EndGlobalSection
	GlobalSection(SolutionProperties) = preSolution
		HideSolutionNode = FALSE
	EndGlobalSection
	GlobalSection(ExtensibilityGlobals) = postSolution
		SolutionGuid = {28DF9F48-0B5C-4B50-BB7B-B75C98AC10B5}
	EndGlobalSection
EndGlobal
