
Microsoft Visual Studio Solution File, Format Version 12.00
# Visual Studio Version 17
VisualStudioVersion = 17.14.36623.8
MinimumVisualStudioVersion = 10.0.40219.1
Project("{FAE04EC0-301F-11D3-BF4B-00C04F79EFBC}") = "Bai01", "Bai01\Bai01.csproj", "{4778C6C1-E347-46A9-B694-D31B5E616BD4}"
EndProject
Project("{FAE04EC0-301F-11D3-BF4B-00C04F79EFBC}") = "Bai02", "Bai02\Bai02.csproj", "{6D09AF10-B91A-44FC-917F-A3BB9F47E6B5}"
EndProject
Project("{FAE04EC0-301F-11D3-BF4B-00C04F79EFBC}") = "Bai03", "Bai03\Bai03.csproj", "{65E0788A-E852-4021-AF15-F4925F880442}"
EndProject
Project("{FAE04EC0-301F-11D3-BF4B-00C04F79EFBC}") = "Bai04", "Bai04\Bai04.csproj", "{2776B4F5-DB22-413B-9620-CC5E74A89C9B}"
EndProject
Project("{FAE04EC0-301F-11D3-BF4B-00C04F79EFBC}") = "Bai05", "Bai05\Bai05.csproj", "{DB731DB4-0A68-4C5E-B1AD-61F42256D300}"
EndProject
Project("{FAE04EC0-301F-11D3-BF4B-00C04F79EFBC}") = "Bai06", "Bai06\Bai06.csproj", "{08B4F722-5384-4B06-BFAD-0E844E113C40}"
EndProject
Global
	GlobalSection(SolutionConfigurationPlatforms) = preSolution
		Debug|Any CPU = Debug|Any CPU
		Release|Any CPU = Release|Any CPU
	EndGlobalSection
	GlobalSection(ProjectConfigurationPlatforms) = postSolution
		{4778C6C1-E347-46A9-B694-D31B5E616BD4}.Debug|Any CPU.ActiveCfg = Debug|Any CPU
		{4778C6C1-E347-46A9-B694-D31B5E616BD4}.Debug|Any CPU.Build.0 = Debug|Any CPU
		{4778C6C1-E347-46A9-B694-D31B5E616BD4}.Release|Any CPU.ActiveCfg = Release|Any CPU
		{4778C6C1-E347-46A9-B694-D31B5E616BD4}.Release|Any CPU.Build.0 = Release|Any CPU
		{6D09AF10-B91A-44FC-917F-A3BB9F47E6B5}.Debug|Any CPU.ActiveCfg = Debug|Any CPU
		{6D09AF10-B91A-44FC-917F-A3BB9F47E6B5}.Debug|Any CPU.Build.0 = Debug|Any CPU
		{6D09AF10-B91A-44FC-917F-A3BB9F47E6B5}.Release|Any CPU.ActiveCfg = Release|Any CPU
		{6D09AF10-B91A-44FC-917F-A3BB9F47E6B5}.Release|Any CPU.Build.0 = Release|Any CPU
		{65E0788A-E852-4021-AF15-F4925F880442}.Debug|Any CPU.ActiveCfg = Debug|Any CPU
		{65E0788A-E852-4021-AF15-F4925F880442}.Debug|Any CPU.Build.0 = Debug|Any CPU
		{65E0788A-E852-4021-AF15-F4925F880442}.Release|Any CPU.ActiveCfg = Release|Any CPU
		{65E0788A-E852-4021-AF15-F4925F880442}.Release|Any CPU.Build.0 = Release|Any CPU
		{2776B4F5-DB22-413B-9620-CC5E74A89C9B}.Debug|Any CPU.ActiveCfg = Debug|Any CPU
		{2776B4F5-DB22-413B-9620-CC5E74A89C9B}.Debug|Any CPU.Build.0 = Debug|Any CPU
		{2776B4F5-DB22-413B-9620-CC5E74A89C9B}.Release|Any CPU.ActiveCfg = Release|Any CPU
		{2776B4F5-DB22-413B-9620-CC5E74A89C9B}.Release|Any CPU.Build.0 = Release|Any CPU
		{DB731DB4-0A68-4C5E-B1AD-61F42256D300}.Debug|Any CPU.ActiveCfg = Debug|Any CPU
		{DB731DB4-0A68-4C5E-B1AD-61F42256D300}.Debug|Any CPU.Build.0 = Debug|Any CPU
		{DB731DB4-0A68-4C5E-B1AD-61F42256D300}.Release|Any CPU.ActiveCfg = Release|Any CPU
		{DB731DB4-0A68-4C5E-B1AD-61F42256D300}.Release|Any CPU.Build.0 = Release|Any CPU
		{08B4F722-5384-4B06-BFAD-0E844E113C40}.Debug|Any CPU.ActiveCfg = Debug|Any CPU
		{08B4F722-5384-4B06-BFAD-0E844E113C40}.Debug|Any CPU.Build.0 = Debug|Any CPU
		{08B4F722-5384-4B06-BFAD-0E844E113C40}.Release|Any CPU.ActiveCfg = Release|Any CPU
		{08B4F722-5384-4B06-BFAD-0E844E113C40}.Release|Any CPU.Build.0 = Release|Any CPU
	EndGlobalSection
	GlobalSection(SolutionProperties) = preSolution
		HideSolutionNode = FALSE
	EndGlobalSection
	GlobalSection(ExtensibilityGlobals) = postSolution
		SolutionGuid = {1FF45A00-68C8-4992-B562-7B829AD90A9E}
	EndGlobalSection
EndGlobal
